
Microsoft Visual Studio Solution File, Format Version 12.00
# Visual Studio Version 17
VisualStudioVersion = 17.3.32929.385
MinimumVisualStudioVersion = 10.0.40219.1
Project("{8BC9CEB8-8B4A-11D0-8D11-00A0C91BC942}") = "programlamaOdevi", "programlamaOdevi\programlamaOdevi.vcxproj", "{739C062E-546F-4D5C-900F-B4314C10719E}"
EndProject
Global
	GlobalSection(SolutionConfigurationPlatforms) = preSolution
		Debug|x64 = Debug|x64
		Debug|x86 = Debug|x86
		Release|x64 = Release|x64
		Release|x86 = Release|x86
	EndGlobalSection
	GlobalSection(ProjectConfigurationPlatforms) = postSolution
		{739C062E-546F-4D5C-900F-B4314C10719E}.Debug|x64.ActiveCfg = Debug|x64
		{739C062E-546F-4D5C-900F-B4314C10719E}.Debug|x64.Build.0 = Debug|x64
		{739C062E-546F-4D5C-900F-B4314C10719E}.Debug|x86.ActiveCfg = Debug|Win32
		{739C062E-546F-4D5C-900F-B4314C10719E}.Debug|x86.Build.0 = Debug|Win32
		{739C062E-546F-4D5C-900F-B4314C10719E}.Release|x64.ActiveCfg = Release|x64
		{739C062E-546F-4D5C-900F-B4314C10719E}.Release|x64.Build.0 = Release|x64
		{739C062E-546F-4D5C-900F-B4314C10719E}.Release|x86.ActiveCfg = Release|Win32
		{739C062E-546F-4D5C-900F-B4314C10719E}.Release|x86.Build.0 = Release|Win32
	EndGlobalSection
	GlobalSection(SolutionProperties) = preSolution
		HideSolutionNode = FALSE
	EndGlobalSection
	GlobalSection(ExtensibilityGlobals) = postSolution
		SolutionGuid = {E3723E53-D400-45F7-9DEA-CA5A650A88D9}
	EndGlobalSection
EndGlobal
